Microsoft Visual Studio Solution File, Format Version 11.00
# Visual Studio 2010
Project("{8BC9CEB8-8B4A-11D0-8D11-00A0C91BC942}") = "ALL_BUILD", "ALL_BUILD.vcxproj", "{841995D7-E428-437C-A202-1E9524F36560}"
	ProjectSection(ProjectDependencies) = postProject
		{582848DB-8C04-4688-94F3-6206F2599D15} = {582848DB-8C04-4688-94F3-6206F2599D15}
		{78DDF97B-454B-4AB7-8243-B260F6EA37FD} = {78DDF97B-454B-4AB7-8243-B260F6EA37FD}
		{60A7326F-6699-454B-945B-3356ED7BE063} = {60A7326F-6699-454B-945B-3356ED7BE063}
		{1D875B9A-1896-4D1B-93F0-8764FC0CB860} = {1D875B9A-1896-4D1B-93F0-8764FC0CB860}
		{C70F2D15-6A4D-4A61-87CD-7212C126FB3E} = {C70F2D15-6A4D-4A61-87CD-7212C126FB3E}
	EndProjectSection
EndProject
Project("{8BC9CEB8-8B4A-11D0-8D11-00A0C91BC942}") = "INSTALL", "INSTALL.vcxproj", "{BCC5D134-F686-45ED-BA3C-28356679741B}"
	ProjectSection(ProjectDependencies) = postProject
		{841995D7-E428-437C-A202-1E9524F36560} = {841995D7-E428-437C-A202-1E9524F36560}
	EndProjectSection
EndProject
Project("{8BC9CEB8-8B4A-11D0-8D11-00A0C91BC942}") = "RUN_TESTS", "RUN_TESTS.vcxproj", "{7F6A4302-6EED-4640-93EA-456C0B3944FD}"
	ProjectSection(ProjectDependencies) = postProject
	EndProjectSection
EndProject
Project("{8BC9CEB8-8B4A-11D0-8D11-00A0C91BC942}") = "ZERO_CHECK", "ZERO_CHECK.vcxproj", "{582848DB-8C04-4688-94F3-6206F2599D15}"
	ProjectSection(ProjectDependencies) = postProject
	EndProjectSection
EndProject
Project("{8BC9CEB8-8B4A-11D0-8D11-00A0C91BC942}") = "example", "example.vcxproj", "{78DDF97B-454B-4AB7-8243-B260F6EA37FD}"
	ProjectSection(ProjectDependencies) = postProject
		{582848DB-8C04-4688-94F3-6206F2599D15} = {582848DB-8C04-4688-94F3-6206F2599D15}
		{1D875B9A-1896-4D1B-93F0-8764FC0CB860} = {1D875B9A-1896-4D1B-93F0-8764FC0CB860}
	EndProjectSection
EndProject
Project("{8BC9CEB8-8B4A-11D0-8D11-00A0C91BC942}") = "minigzip", "minigzip.vcxproj", "{60A7326F-6699-454B-945B-3356ED7BE063}"
	ProjectSection(ProjectDependencies) = postProject
		{582848DB-8C04-4688-94F3-6206F2599D15} = {582848DB-8C04-4688-94F3-6206F2599D15}
		{1D875B9A-1896-4D1B-93F0-8764FC0CB860} = {1D875B9A-1896-4D1B-93F0-8764FC0CB860}
	EndProjectSection
EndProject
Project("{8BC9CEB8-8B4A-11D0-8D11-00A0C91BC942}") = "zlib", "zlib.vcxproj", "{1D875B9A-1896-4D1B-93F0-8764FC0CB860}"
	ProjectSection(ProjectDependencies) = postProject
		{582848DB-8C04-4688-94F3-6206F2599D15} = {582848DB-8C04-4688-94F3-6206F2599D15}
	EndProjectSection
EndProject
Project("{8BC9CEB8-8B4A-11D0-8D11-00A0C91BC942}") = "zlibstatic", "zlibstatic.vcxproj", "{C70F2D15-6A4D-4A61-87CD-7212C126FB3E}"
	ProjectSection(ProjectDependencies) = postProject
		{582848DB-8C04-4688-94F3-6206F2599D15} = {582848DB-8C04-4688-94F3-6206F2599D15}
	EndProjectSection
EndProject
Global
	GlobalSection(SolutionConfigurationPlatforms) = preSolution
		Debug|Win32 = Debug|Win32
		Release|Win32 = Release|Win32
		MinSizeRel|Win32 = MinSizeRel|Win32
		RelWithDebInfo|Win32 = RelWithDebInfo|Win32
	EndGlobalSection
	GlobalSection(ProjectConfigurationPlatforms) = postSolution
		{841995D7-E428-437C-A202-1E9524F36560}.Debug|Win32.ActiveCfg = Debug|Win32
		{841995D7-E428-437C-A202-1E9524F36560}.Debug|Win32.Build.0 = Debug|Win32
		{841995D7-E428-437C-A202-1E9524F36560}.Release|Win32.ActiveCfg = Release|Win32
		{841995D7-E428-437C-A202-1E9524F36560}.Release|Win32.Build.0 = Release|Win32
		{841995D7-E428-437C-A202-1E9524F36560}.MinSizeRel|Win32.ActiveCfg = MinSizeRel|Win32
		{841995D7-E428-437C-A202-1E9524F36560}.MinSizeRel|Win32.Build.0 = MinSizeRel|Win32
		{841995D7-E428-437C-A202-1E9524F36560}.RelWithDebInfo|Win32.ActiveCfg = RelWithDebInfo|Win32
		{841995D7-E428-437C-A202-1E9524F36560}.RelWithDebInfo|Win32.Build.0 = RelWithDebInfo|Win32
		{BCC5D134-F686-45ED-BA3C-28356679741B}.Debug|Win32.ActiveCfg = Debug|Win32
		{BCC5D134-F686-45ED-BA3C-28356679741B}.Release|Win32.ActiveCfg = Release|Win32
		{BCC5D134-F686-45ED-BA3C-28356679741B}.MinSizeRel|Win32.ActiveCfg = MinSizeRel|Win32
		{BCC5D134-F686-45ED-BA3C-28356679741B}.RelWithDebInfo|Win32.ActiveCfg = RelWithDebInfo|Win32
		{7F6A4302-6EED-4640-93EA-456C0B3944FD}.Debug|Win32.ActiveCfg = Debug|Win32
		{7F6A4302-6EED-4640-93EA-456C0B3944FD}.Release|Win32.ActiveCfg = Release|Win32
		{7F6A4302-6EED-4640-93EA-456C0B3944FD}.MinSizeRel|Win32.ActiveCfg = MinSizeRel|Win32
		{7F6A4302-6EED-4640-93EA-456C0B3944FD}.RelWithDebInfo|Win32.ActiveCfg = RelWithDebInfo|Win32
		{582848DB-8C04-4688-94F3-6206F2599D15}.Debug|Win32.ActiveCfg = Debug|Win32
		{582848DB-8C04-4688-94F3-6206F2599D15}.Debug|Win32.Build.0 = Debug|Win32
		{582848DB-8C04-4688-94F3-6206F2599D15}.Release|Win32.ActiveCfg = Release|Win32
		{582848DB-8C04-4688-94F3-6206F2599D15}.Release|Win32.Build.0 = Release|Win32
		{582848DB-8C04-4688-94F3-6206F2599D15}.MinSizeRel|Win32.ActiveCfg = MinSizeRel|Win32
		{582848DB-8C04-4688-94F3-6206F2599D15}.MinSizeRel|Win32.Build.0 = MinSizeRel|Win32
		{582848DB-8C04-4688-94F3-6206F2599D15}.RelWithDebInfo|Win32.ActiveCfg = RelWithDebInfo|Win32
		{582848DB-8C04-4688-94F3-6206F2599D15}.RelWithDebInfo|Win32.Build.0 = RelWithDebInfo|Win32
		{78DDF97B-454B-4AB7-8243-B260F6EA37FD}.Debug|Win32.ActiveCfg = Debug|Win32
		{78DDF97B-454B-4AB7-8243-B260F6EA37FD}.Debug|Win32.Build.0 = Debug|Win32
		{78DDF97B-454B-4AB7-8243-B260F6EA37FD}.Release|Win32.ActiveCfg = Release|Win32
		{78DDF97B-454B-4AB7-8243-B260F6EA37FD}.Release|Win32.Build.0 = Release|Win32
		{78DDF97B-454B-4AB7-8243-B260F6EA37FD}.MinSizeRel|Win32.ActiveCfg = MinSizeRel|Win32
		{78DDF97B-454B-4AB7-8243-B260F6EA37FD}.MinSizeRel|Win32.Build.0 = MinSizeRel|Win32
		{78DDF97B-454B-4AB7-8243-B260F6EA37FD}.RelWithDebInfo|Win32.ActiveCfg = RelWithDebInfo|Win32
		{78DDF97B-454B-4AB7-8243-B260F6EA37FD}.RelWithDebInfo|Win32.Build.0 = RelWithDebInfo|Win32
		{60A7326F-6699-454B-945B-3356ED7BE063}.Debug|Win32.ActiveCfg = Debug|Win32
		{60A7326F-6699-454B-945B-3356ED7BE063}.Debug|Win32.Build.0 = Debug|Win32
		{60A7326F-6699-454B-945B-3356ED7BE063}.Release|Win32.ActiveCfg = Release|Win32
		{60A7326F-6699-454B-945B-3356ED7BE063}.Release|Win32.Build.0 = Release|Win32
		{60A7326F-6699-454B-945B-3356ED7BE063}.MinSizeRel|Win32.ActiveCfg = MinSizeRel|Win32
		{60A7326F-6699-454B-945B-3356ED7BE063}.MinSizeRel|Win32.Build.0 = MinSizeRel|Win32
		{60A7326F-6699-454B-945B-3356ED7BE063}.RelWithDebInfo|Win32.ActiveCfg = RelWithDebInfo|Win32
		{60A7326F-6699-454B-945B-3356ED7BE063}.RelWithDebInfo|Win32.Build.0 = RelWithDebInfo|Win32
		{1D875B9A-1896-4D1B-93F0-8764FC0CB860}.Debug|Win32.ActiveCfg = Debug|Win32
		{1D875B9A-1896-4D1B-93F0-8764FC0CB860}.Debug|Win32.Build.0 = Debug|Win32
		{1D875B9A-1896-4D1B-93F0-8764FC0CB860}.Release|Win32.ActiveCfg = Release|Win32
		{1D875B9A-1896-4D1B-93F0-8764FC0CB860}.Release|Win32.Build.0 = Release|Win32
		{1D875B9A-1896-4D1B-93F0-8764FC0CB860}.MinSizeRel|Win32.ActiveCfg = MinSizeRel|Win32
		{1D875B9A-1896-4D1B-93F0-8764FC0CB860}.MinSizeRel|Win32.Build.0 = MinSizeRel|Win32
		{1D875B9A-1896-4D1B-93F0-8764FC0CB860}.RelWithDebInfo|Win32.ActiveCfg = RelWithDebInfo|Win32
		{1D875B9A-1896-4D1B-93F0-8764FC0CB860}.RelWithDebInfo|Win32.Build.0 = RelWithDebInfo|Win32
		{C70F2D15-6A4D-4A61-87CD-7212C126FB3E}.Debug|Win32.ActiveCfg = Debug|Win32
		{C70F2D15-6A4D-4A61-87CD-7212C126FB3E}.Debug|Win32.Build.0 = Debug|Win32
		{C70F2D15-6A4D-4A61-87CD-7212C126FB3E}.Release|Win32.ActiveCfg = Release|Win32
		{C70F2D15-6A4D-4A61-87CD-7212C126FB3E}.Release|Win32.Build.0 = Release|Win32
		{C70F2D15-6A4D-4A61-87CD-7212C126FB3E}.MinSizeRel|Win32.ActiveCfg = MinSizeRel|Win32
		{C70F2D15-6A4D-4A61-87CD-7212C126FB3E}.MinSizeRel|Win32.Build.0 = MinSizeRel|Win32
		{C70F2D15-6A4D-4A61-87CD-7212C126FB3E}.RelWithDebInfo|Win32.ActiveCfg = RelWithDebInfo|Win32
		{C70F2D15-6A4D-4A61-87CD-7212C126FB3E}.RelWithDebInfo|Win32.Build.0 = RelWithDebInfo|Win32
	EndGlobalSection
	GlobalSection(ExtensibilityGlobals) = postSolution
	EndGlobalSection
	GlobalSection(ExtensibilityAddIns) = postSolution
	EndGlobalSection
EndGlobal
